speakeasyVersion: 1.421.2
sources:
    openapi-with-code-samples:
        sourceNamespace: openapi-with-code-samples
        sourceRevisionDigest: sha256:02535db2ef50e3c6a4b1fb1a8cf7a5b2b60b6c444a719ff7d5103a63632cb074
        sourceBlobDigest: sha256:82a68d266a6cda99452c4b7987682067be1333cd6e89f910701ee93f9fac0873
        tags:
            - latest
            - main
targets: {}
workflow:
    workflowVersion: 1.0.0
    speakeasyVersion: latest
    sources:
        openapi-with-code-samples:
            inputs:
                - location: registry.speakeasyapi.dev/novu/novu/json-development:main
            overlays:
                - location: registry.speakeasyapi.dev/novu/novu/code-samples-typescript:main
            output: ./openapi.json
            registry:
                location: registry.speakeasyapi.dev/novu/novu/openapi-with-code-samples
    targets: {}
