speakeasyVersion: 1.453.10
sources:
    openapi-with-code-samples:
        sourceNamespace: openapi-with-code-samples
        sourceRevisionDigest: sha256:38fd6cbc73a30e64d06818516e86a8e621164959bb6e5f2dbe37972b8f5de778
        sourceBlobDigest: sha256:09cce3f8443aa39b0339773ec8cdc516f7d3bdb1547ba948762125f86f225659
        tags:
            - latest
            - speakeasy-sdk-regen-1721694309
            - "1.0"
targets: {}
workflow:
    workflowVersion: 1.0.0
    speakeasyVersion: latest
    sources:
        openapi-with-code-samples:
            inputs:
                - location: registry.speakeasyapi.dev/novu/novu/json-development:main
            overlays:
                - location: registry.speakeasyapi.dev/novu/novu/code-samples-typescript:main
            output: ./openapi.json
            registry:
                location: registry.speakeasyapi.dev/novu/novu/openapi-with-code-samples
    targets: {}
