speakeasyVersion: 1.456.1
sources:
    openapi-with-code-samples:
        sourceNamespace: openapi-with-code-samples
        sourceRevisionDigest: sha256:634e12c6cc6410ee75845b66161d6ccd67fb9a3acbbbf855611baf192a7ff609
        sourceBlobDigest: sha256:071f25f8b78447ffb66c353c285b64c562d140ef1fdec443e1bda141177c1686
        tags:
            - latest
            - speakeasy-sdk-regen-1721694309
            - "1.0"
targets: {}
workflow:
    workflowVersion: 1.0.0
    speakeasyVersion: latest
    sources:
        openapi-with-code-samples:
            inputs:
                - location: registry.speakeasyapi.dev/novu/novu/json-development:main
            overlays:
                - location: registry.speakeasyapi.dev/novu/novu/code-samples-typescript:main
            output: ./openapi.json
            registry:
                location: registry.speakeasyapi.dev/novu/novu/openapi-with-code-samples
    targets: {}
